
Microsoft Visual Studio Solution File, Format Version 12.00
# Visual Studio Version 17
VisualStudioVersion = 17.2.32616.157
MinimumVisualStudioVersion = 10.0.40219.1
Project("{FAE04EC0-301F-11D3-BF4B-00C04F79EFBC}") = "DesignPattern.Explore", "DesignPattern.Explore\DesignPattern.Explore.csproj", "{8B2BB24C-C4BC-4EBC-9F83-D47868DBADCA}"
EndProject
Global
	GlobalSection(SolutionConfigurationPlatforms) = preSolution
		Debug|Any CPU = Debug|Any CPU
		Release|Any CPU = Release|Any CPU
	EndGlobalSection
	GlobalSection(ProjectConfigurationPlatforms) = postSolution
		{8B2BB24C-C4BC-4EBC-9F83-D47868DBADCA}.Debug|Any CPU.ActiveCfg = Debug|Any CPU
		{8B2BB24C-C4BC-4EBC-9F83-D47868DBADCA}.Debug|Any CPU.Build.0 = Debug|Any CPU
		{8B2BB24C-C4BC-4EBC-9F83-D47868DBADCA}.Release|Any CPU.ActiveCfg = Release|Any CPU
		{8B2BB24C-C4BC-4EBC-9F83-D47868DBADCA}.Release|Any CPU.Build.0 = Release|Any CPU
	EndGlobalSection
	GlobalSection(SolutionProperties) = preSolution
		HideSolutionNode = FALSE
	EndGlobalSection
	GlobalSection(ExtensibilityGlobals) = postSolution
		SolutionGuid = {33A5E364-9AF6-484E-9BE1-5A438CA5955C}
	EndGlobalSection
EndGlobal
